{
  "pins" : [
    {
      "identity" : "alamofire",
      "kind" : "remoteSourceControl",
      "location" : "https://github.com/Alamofire/Alamofire.git",
      "state" : {
        "revision" : "f455c2975872ccd2d9c81594c658af65716e9b9a",
        "version" : "5.9.1"
      }
    },
    {
      "identity" : "blake2.swift",
      "kind" : "remoteSourceControl",
      "location" : "https://github.com/tesseract-one/Blake2.swift.git",
      "state" : {
        "revision" : "29c55c8fe42d6661e5a32cc5bbbad1fff64fd01e",
        "version" : "0.2.0"
      }
    },
    {
      "identity" : "cryptoswift",
      "kind" : "remoteSourceControl",
      "location" : "https://github.com/krzyzanowskim/CryptoSwift.git",
      "state" : {
        "revision" : "c9c3df6ab812de32bae61fc0cd1bf6d45170ebf0",
        "version" : "1.8.2"
      }
    }
  ],
  "version" : 2
}
